
Microsoft Visual Studio Solution File, Format Version 12.00
# Visual Studio Version 16
VisualStudioVersion = 16.0.30804.86
MinimumVisualStudioVersion = 10.0.40219.1
Project("{FAE04EC0-301F-11D3-BF4B-00C04F79EFBC}") = "Search.POC.API", "Search.POC.API\Search.POC.API.csproj", "{049077B6-0D93-48AA-81AA-3B666522DF3E}"
EndProject
Global
	GlobalSection(SolutionConfigurationPlatforms) = preSolution
		Debug|Any CPU = Debug|Any CPU
		Release|Any CPU = Release|Any CPU
	EndGlobalSection
	GlobalSection(ProjectConfigurationPlatforms) = postSolution
		{049077B6-0D93-48AA-81AA-3B666522DF3E}.Debug|Any CPU.ActiveCfg = Debug|Any CPU
		{049077B6-0D93-48AA-81AA-3B666522DF3E}.Debug|Any CPU.Build.0 = Debug|Any CPU
		{049077B6-0D93-48AA-81AA-3B666522DF3E}.Release|Any CPU.ActiveCfg = Release|Any CPU
		{049077B6-0D93-48AA-81AA-3B666522DF3E}.Release|Any CPU.Build.0 = Release|Any CPU
	EndGlobalSection
	GlobalSection(SolutionProperties) = preSolution
		HideSolutionNode = FALSE
	EndGlobalSection
	GlobalSection(ExtensibilityGlobals) = postSolution
		SolutionGuid = {2B8F2446-7436-4612-9DD3-6042D63A6270}
	EndGlobalSection
EndGlobal
